
Microsoft Visual Studio Solution File, Format Version 12.00
# Visual Studio Version 17
VisualStudioVersion = 17.4.33213.308
MinimumVisualStudioVersion = 10.0.40219.1
Project("{FAE04EC0-301F-11D3-BF4B-00C04F79EFBC}") = "ConsoleApp1", "ConsoleApp1\ConsoleApp1.csproj", "{236B45CB-5865-4358-8D2D-779C08DD776B}"
EndProject
Global
	GlobalSection(SolutionConfigurationPlatforms) = preSolution
		Debug|Any CPU = Debug|Any CPU
		Release|Any CPU = Release|Any CPU
	EndGlobalSection
	GlobalSection(ProjectConfigurationPlatforms) = postSolution
		{236B45CB-5865-4358-8D2D-779C08DD776B}.Debug|Any CPU.ActiveCfg = Debug|Any CPU
		{236B45CB-5865-4358-8D2D-779C08DD776B}.Debug|Any CPU.Build.0 = Debug|Any CPU
		{236B45CB-5865-4358-8D2D-779C08DD776B}.Release|Any CPU.ActiveCfg = Release|Any CPU
		{236B45CB-5865-4358-8D2D-779C08DD776B}.Release|Any CPU.Build.0 = Release|Any CPU
	EndGlobalSection
	GlobalSection(SolutionProperties) = preSolution
		HideSolutionNode = FALSE
	EndGlobalSection
	GlobalSection(ExtensibilityGlobals) = postSolution
		SolutionGuid = {7E02B70E-30EC-4539-9011-65F17CE76268}
	EndGlobalSection
EndGlobal
